
Microsoft Visual Studio Solution File, Format Version 12.00
# Visual Studio 14
VisualStudioVersion = 14.0.25420.1
MinimumVisualStudioVersion = 10.0.40219.1
Project("{8BB2217D-0F2D-49D1-97BC-3654ED321F3B}") = "Fluky", "src\Fluky\Fluky.xproj", "{3B6B7815-CB87-416A-B350-6E9112B455B8}"
EndProject
Project("{8BB2217D-0F2D-49D1-97BC-3654ED321F3B}") = "Fluky.Tests", "src\Fluky.Tests\Fluky.Tests.xproj", "{B6621D43-E103-4475-98CC-15A72933B9D9}"
EndProject
Project("{2150E333-8FDC-42A3-9474-1A3956D46DE8}") = "Solution Items", "Solution Items", "{3285FAEC-92EE-4BBB-B9C4-19A07CB43E6E}"
	ProjectSection(SolutionItems) = preProject
		global.json = global.json
	EndProjectSection
EndProject
Global
	GlobalSection(SolutionConfigurationPlatforms) = preSolution
		Debug|Any CPU = Debug|Any CPU
		Release|Any CPU = Release|Any CPU
	EndGlobalSection
	GlobalSection(ProjectConfigurationPlatforms) = postSolution
		{3B6B7815-CB87-416A-B350-6E9112B455B8}.Debug|Any CPU.ActiveCfg = Debug|Any CPU
		{3B6B7815-CB87-416A-B350-6E9112B455B8}.Debug|Any CPU.Build.0 = Debug|Any CPU
		{3B6B7815-CB87-416A-B350-6E9112B455B8}.Release|Any CPU.ActiveCfg = Release|Any CPU
		{3B6B7815-CB87-416A-B350-6E9112B455B8}.Release|Any CPU.Build.0 = Release|Any CPU
		{B6621D43-E103-4475-98CC-15A72933B9D9}.Debug|Any CPU.ActiveCfg = Debug|Any CPU
		{B6621D43-E103-4475-98CC-15A72933B9D9}.Debug|Any CPU.Build.0 = Debug|Any CPU
		{B6621D43-E103-4475-98CC-15A72933B9D9}.Release|Any CPU.ActiveCfg = Release|Any CPU
		{B6621D43-E103-4475-98CC-15A72933B9D9}.Release|Any CPU.Build.0 = Release|Any CPU
	EndGlobalSection
	GlobalSection(SolutionProperties) = preSolution
		HideSolutionNode = FALSE
	EndGlobalSection
EndGlobal
